
Microsoft Visual Studio Solution File, Format Version 12.00
# Visual Studio Version 17
VisualStudioVersion = 17.7.34018.315
MinimumVisualStudioVersion = 10.0.40219.1
Project("{E24C65DC-7377-472B-9ABA-BC803B73C61A}") = "OnlineChat", "OnlineChat\", "{72996EDF-0173-4DCF-9358-E90FFDE7CA5C}"
	ProjectSection(WebsiteProperties) = preProject
		TargetFrameworkMoniker = ".NETFramework,Version%3Dv4.7.2"
		Debug.AspNetCompiler.VirtualPath = "/localhost_50009"
		Debug.AspNetCompiler.PhysicalPath = "OnlineChat\"
		Debug.AspNetCompiler.TargetPath = "PrecompiledWeb\localhost_50009\"
		Debug.AspNetCompiler.Updateable = "true"
		Debug.AspNetCompiler.ForceOverwrite = "true"
		Debug.AspNetCompiler.FixedNames = "false"
		Debug.AspNetCompiler.Debug = "True"
		Release.AspNetCompiler.VirtualPath = "/localhost_50009"
		Release.AspNetCompiler.PhysicalPath = "OnlineChat\"
		Release.AspNetCompiler.TargetPath = "PrecompiledWeb\localhost_50009\"
		Release.AspNetCompiler.Updateable = "true"
		Release.AspNetCompiler.ForceOverwrite = "true"
		Release.AspNetCompiler.FixedNames = "false"
		Release.AspNetCompiler.Debug = "False"
		VWDPort = "50009"
		SlnRelativePath = "OnlineChat\"
		DefaultWebSiteLanguage = "Visual C#"
	EndProjectSection
EndProject
Global
	GlobalSection(SolutionConfigurationPlatforms) = preSolution
		Debug|Any CPU = Debug|Any CPU
	EndGlobalSection
	GlobalSection(ProjectConfigurationPlatforms) = postSolution
		{72996EDF-0173-4DCF-9358-E90FFDE7CA5C}.Debug|Any CPU.ActiveCfg = Debug|Any CPU
		{72996EDF-0173-4DCF-9358-E90FFDE7CA5C}.Debug|Any CPU.Build.0 = Debug|Any CPU
	EndGlobalSection
	GlobalSection(SolutionProperties) = preSolution
		HideSolutionNode = FALSE
	EndGlobalSection
	GlobalSection(ExtensibilityGlobals) = postSolution
		SolutionGuid = {DFB87750-3746-4269-B56A-CEFD38A92AA6}
	EndGlobalSection
EndGlobal
